# This file is automatically @generated by Cargo.
# It is not intended for manual editing.
version = 4

[[package]]
name = "cachet"
version = "0.1.0"
dependencies = [
 "cachet_atlas",
 "cachet_residency",
 "cachet_storage",
 "cachet_surface",
]

[[package]]
name = "cachet_atlas"
version = "0.1.0"
dependencies = [
 "cachet_residency",
 "cachet_storage",
]

[[package]]
name = "cachet_residency"
version = "0.1.0"
dependencies = [
 "hashbrown",
]

[[package]]
name = "cachet_storage"
version = "0.1.0"

[[package]]
name = "cachet_surface"
version = "0.1.0"
dependencies = [
 "cachet_residency",
 "cachet_storage",
]

[[package]]
name = "foldhash"
version = "0.2.0"
source = "registry+https://github.com/rust-lang/crates.io-index"
checksum = "77ce24cb58228fbb8aa041425bb1050850ac19177686ea6e0f41a70416f56fdb"

[[package]]
name = "glyph_cache_demo"
version = "0.1.0"
dependencies = [
 "cachet",
]

[[package]]
name = "hashbrown"
version = "0.16.1"
source = "registry+https://github.com/rust-lang/crates.io-index"
checksum = "841d1cc9bed7f9236f321df977030373f4a4163ae1a7dbfe1a51a2c1a51d9100"
dependencies = [
 "foldhash",
]

[[package]]
name = "image_resource_demo"
version = "0.1.0"
dependencies = [
 "cachet",
]
